
Microsoft Visual Studio Solution File, Format Version 12.00
#
Project("{FAE04EC0-301F-11D3-BF4B-00C04F79EFBC}") = "Doggo.xUnit.Tests", "Doggo.xUnit.Tests\Doggo.xUnit.Tests.csproj", "{CF9961E3-27BB-48E9-A9ED-E1AC0AF69A4A}"
EndProject
Project("{FAE04EC0-301F-11D3-BF4B-00C04F79EFBC}") = "Doggo.Web3", "Doggo.Web3\Doggo.Web3.csproj", "{5FECBEFD-20E8-4A3F-B686-4514B4B3E702}"
EndProject
Global
	GlobalSection(SolutionConfigurationPlatforms) = preSolution
		Debug|Any CPU = Debug|Any CPU
		Release|Any CPU = Release|Any CPU
	EndGlobalSection
	GlobalSection(ProjectConfigurationPlatforms) = postSolution
		{B8F0621E-018A-4EDE-B249-5AD5B180A7F6}.Debug|Any CPU.ActiveCfg = Debug|Any CPU
		{B8F0621E-018A-4EDE-B249-5AD5B180A7F6}.Debug|Any CPU.Build.0 = Debug|Any CPU
		{B8F0621E-018A-4EDE-B249-5AD5B180A7F6}.Release|Any CPU.ActiveCfg = Release|Any CPU
		{B8F0621E-018A-4EDE-B249-5AD5B180A7F6}.Release|Any CPU.Build.0 = Release|Any CPU
		{CF9961E3-27BB-48E9-A9ED-E1AC0AF69A4A}.Debug|Any CPU.ActiveCfg = Debug|Any CPU
		{CF9961E3-27BB-48E9-A9ED-E1AC0AF69A4A}.Debug|Any CPU.Build.0 = Debug|Any CPU
		{CF9961E3-27BB-48E9-A9ED-E1AC0AF69A4A}.Release|Any CPU.ActiveCfg = Release|Any CPU
		{CF9961E3-27BB-48E9-A9ED-E1AC0AF69A4A}.Release|Any CPU.Build.0 = Release|Any CPU
		{5FECBEFD-20E8-4A3F-B686-4514B4B3E702}.Debug|Any CPU.ActiveCfg = Debug|Any CPU
		{5FECBEFD-20E8-4A3F-B686-4514B4B3E702}.Debug|Any CPU.Build.0 = Debug|Any CPU
		{5FECBEFD-20E8-4A3F-B686-4514B4B3E702}.Release|Any CPU.ActiveCfg = Release|Any CPU
		{5FECBEFD-20E8-4A3F-B686-4514B4B3E702}.Release|Any CPU.Build.0 = Release|Any CPU
	EndGlobalSection
EndGlobal
